
Microsoft Visual Studio Solution File, Format Version 12.00
# Visual Studio Version 16
VisualStudioVersion = 16.0.30523.141
MinimumVisualStudioVersion = 10.0.40219.1
Project("{FAE04EC0-301F-11D3-BF4B-00C04F79EFBC}") = "DoThaiAnh-PIIT-ASM", "DoThaiAnh-PIIT-ASM\DoThaiAnh-PIIT-ASM.csproj", "{14D2EC6C-B5AE-4319-A2F9-2E74B4A3631C}"
EndProject
Global
	GlobalSection(SolutionConfigurationPlatforms) = preSolution
		Debug|Any CPU = Debug|Any CPU
		Release|Any CPU = Release|Any CPU
	EndGlobalSection
	GlobalSection(ProjectConfigurationPlatforms) = postSolution
		{14D2EC6C-B5AE-4319-A2F9-2E74B4A3631C}.Debug|Any CPU.ActiveCfg = Debug|Any CPU
		{14D2EC6C-B5AE-4319-A2F9-2E74B4A3631C}.Debug|Any CPU.Build.0 = Debug|Any CPU
		{14D2EC6C-B5AE-4319-A2F9-2E74B4A3631C}.Release|Any CPU.ActiveCfg = Release|Any CPU
		{14D2EC6C-B5AE-4319-A2F9-2E74B4A3631C}.Release|Any CPU.Build.0 = Release|Any CPU
	EndGlobalSection
	GlobalSection(SolutionProperties) = preSolution
		HideSolutionNode = FALSE
	EndGlobalSection
	GlobalSection(ExtensibilityGlobals) = postSolution
		SolutionGuid = {2F4FEFE5-04B9-45D3-AD16-5D2E313A7792}
	EndGlobalSection
EndGlobal
